
Microsoft Visual Studio Solution File, Format Version 12.00
# Visual Studio 15
VisualStudioVersion = 15.0.28307.489
MinimumVisualStudioVersion = 10.0.40219.1
Project("{FAE04EC0-301F-11D3-BF4B-00C04F79EFBC}") = "WebApplication1", "WebApplication1\WebApplication1.csproj", "{EF7C42FD-8628-46ED-A8DA-03650F2ABFE8}"
EndProject
Global
	GlobalSection(SolutionConfigurationPlatforms) = preSolution
		Debug|Any CPU = Debug|Any CPU
		Release|Any CPU = Release|Any CPU
	EndGlobalSection
	GlobalSection(ProjectConfigurationPlatforms) = postSolution
		{EF7C42FD-8628-46ED-A8DA-03650F2ABFE8}.Debug|Any CPU.ActiveCfg = Debug|Any CPU
		{EF7C42FD-8628-46ED-A8DA-03650F2ABFE8}.Debug|Any CPU.Build.0 = Debug|Any CPU
		{EF7C42FD-8628-46ED-A8DA-03650F2ABFE8}.Release|Any CPU.ActiveCfg = Release|Any CPU
		{EF7C42FD-8628-46ED-A8DA-03650F2ABFE8}.Release|Any CPU.Build.0 = Release|Any CPU
	EndGlobalSection
	GlobalSection(SolutionProperties) = preSolution
		HideSolutionNode = FALSE
	EndGlobalSection
	GlobalSection(ExtensibilityGlobals) = postSolution
		SolutionGuid = {5844E190-4F08-4B5E-84E7-3DEA7E808C6E}
	EndGlobalSection
EndGlobal
